
Microsoft Visual Studio Solution File, Format Version 12.00
# Visual Studio Version 17
VisualStudioVersion = 17.8.34322.80
MinimumVisualStudioVersion = 10.0.40219.1
Project("{9A19103F-16F7-4668-BE54-9A1E7A4F7556}") = "ClothConnect", "ClothConnect\ClothConnect.csproj", "{25A7264B-DD83-4988-9332-B4E1FD83401A}"
EndProject
Project("{FAE04EC0-301F-11D3-BF4B-00C04F79EFBC}") = "ClothConnect.DataAccess", "ClothConnect.DataAccess\ClothConnect.DataAccess.csproj", "{A2EF300C-E527-44D1-AC68-6D1C1E33992B}"
EndProject
Project("{FAE04EC0-301F-11D3-BF4B-00C04F79EFBC}") = "ClothConnect.Models", "ClothConnect.Models\ClothConnect.Models.csproj", "{334EAD48-188F-4F2F-8858-04CB62FA0279}"
EndProject
Project("{FAE04EC0-301F-11D3-BF4B-00C04F79EFBC}") = "ClothConnect.Utility", "ClothConnect.Utility\ClothConnect.Utility.csproj", "{11C939AA-10BB-48E3-AFA1-C931922F0951}"
EndProject
Global
	GlobalSection(SolutionConfigurationPlatforms) = preSolution
		Debug|Any CPU = Debug|Any CPU
		Release|Any CPU = Release|Any CPU
	EndGlobalSection
	GlobalSection(ProjectConfigurationPlatforms) = postSolution
		{25A7264B-DD83-4988-9332-B4E1FD83401A}.Debug|Any CPU.ActiveCfg = Debug|Any CPU
		{25A7264B-DD83-4988-9332-B4E1FD83401A}.Debug|Any CPU.Build.0 = Debug|Any CPU
		{25A7264B-DD83-4988-9332-B4E1FD83401A}.Release|Any CPU.ActiveCfg = Release|Any CPU
		{25A7264B-DD83-4988-9332-B4E1FD83401A}.Release|Any CPU.Build.0 = Release|Any CPU
		{A2EF300C-E527-44D1-AC68-6D1C1E33992B}.Debug|Any CPU.ActiveCfg = Debug|Any CPU
		{A2EF300C-E527-44D1-AC68-6D1C1E33992B}.Debug|Any CPU.Build.0 = Debug|Any CPU
		{A2EF300C-E527-44D1-AC68-6D1C1E33992B}.Release|Any CPU.ActiveCfg = Release|Any CPU
		{A2EF300C-E527-44D1-AC68-6D1C1E33992B}.Release|Any CPU.Build.0 = Release|Any CPU
		{334EAD48-188F-4F2F-8858-04CB62FA0279}.Debug|Any CPU.ActiveCfg = Debug|Any CPU
		{334EAD48-188F-4F2F-8858-04CB62FA0279}.Debug|Any CPU.Build.0 = Debug|Any CPU
		{334EAD48-188F-4F2F-8858-04CB62FA0279}.Release|Any CPU.ActiveCfg = Release|Any CPU
		{334EAD48-188F-4F2F-8858-04CB62FA0279}.Release|Any CPU.Build.0 = Release|Any CPU
		{11C939AA-10BB-48E3-AFA1-C931922F0951}.Debug|Any CPU.ActiveCfg = Debug|Any CPU
		{11C939AA-10BB-48E3-AFA1-C931922F0951}.Debug|Any CPU.Build.0 = Debug|Any CPU
		{11C939AA-10BB-48E3-AFA1-C931922F0951}.Release|Any CPU.ActiveCfg = Release|Any CPU
		{11C939AA-10BB-48E3-AFA1-C931922F0951}.Release|Any CPU.Build.0 = Release|Any CPU
	EndGlobalSection
	GlobalSection(SolutionProperties) = preSolution
		HideSolutionNode = FALSE
	EndGlobalSection
	GlobalSection(ExtensibilityGlobals) = postSolution
		SolutionGuid = {E7EEFA2E-51FA-4A0E-A4A4-141CA0D8341B}
	EndGlobalSection
EndGlobal
